
Microsoft Visual Studio Solution File, Format Version 12.00
# Visual Studio 15
VisualStudioVersion = 15.0.27004.2008
MinimumVisualStudioVersion = 10.0.40219.1
Project("{FAE04EC0-301F-11D3-BF4B-00C04F79EFBC}") = "DesignPatterns", "DesignPatterns\DesignPatterns.csproj", "{C809744A-2D11-4F42-8054-24C7A3222FB7}"
EndProject
Global
	GlobalSection(SolutionConfigurationPlatforms) = preSolution
		Debug|Any CPU = Debug|Any CPU
		Release|Any CPU = Release|Any CPU
	EndGlobalSection
	GlobalSection(ProjectConfigurationPlatforms) = postSolution
		{C809744A-2D11-4F42-8054-24C7A3222FB7}.Debug|Any CPU.ActiveCfg = Debug|Any CPU
		{C809744A-2D11-4F42-8054-24C7A3222FB7}.Debug|Any CPU.Build.0 = Debug|Any CPU
		{C809744A-2D11-4F42-8054-24C7A3222FB7}.Release|Any CPU.ActiveCfg = Release|Any CPU
		{C809744A-2D11-4F42-8054-24C7A3222FB7}.Release|Any CPU.Build.0 = Release|Any CPU
	EndGlobalSection
	GlobalSection(SolutionProperties) = preSolution
		HideSolutionNode = FALSE
	EndGlobalSection
	GlobalSection(ExtensibilityGlobals) = postSolution
		SolutionGuid = {3EB02E5B-570A-406E-AAE0-46E57386B422}
	EndGlobalSection
EndGlobal
